// !$*UTF8*$!
{
	archiveVersion = 1;
	classes = {
	};
	objectVersion = 56;
	objects = {

/* Begin PBXBuildFile section */
		E8319987292C7A1300C71079 /* AppDelegate.swift in Sources */ = {isa = PBXBuildFile; fileRef = E8319986292C7A1300C71079 /* AppDelegate.swift */; };
		E8319989292C7A1300C71079 /* SceneDelegate.swift in Sources */ = {isa = PBXBuildFile; fileRef = E8319988292C7A1300C71079 /* SceneDelegate.swift */; };
		E831998B292C7A1300C71079 /* ViewController.swift in Sources */ = {isa = PBXBuildFile; fileRef = E831998A292C7A1300C71079 /* ViewController.swift */; };
		E831998E292C7A1300C71079 /* Main.storyboard in Resources */ = {isa = PBXBuildFile; fileRef = E831998C292C7A1300C71079 /* Main.storyboard */; };
		E8319990292C7A1400C71079 /* Assets.xcassets in Resources */ = {isa = PBXBuildFile; fileRef = E831998F292C7A1400C71079 /* Assets.xcassets */; };
		E8319993292C7A1400C71079 /* LaunchScreen.storyboard in Resources */ = {isa = PBXBuildFile; fileRef = E8319991292C7A1400C71079 /* LaunchScreen.storyboard */; };
		E831999E292C7A1400C71079 /* BMBDiceAppV2_4Tests.swift in Sources */ = {isa = PBXBuildFile; fileRef = E831999D292C7A1400C71079 /* BMBDiceAppV2_4Tests.swift */; };
		E83199A8292C7A1400C71079 /* BMBDiceAppV2_4UITests.swift in Sources */ = {isa = PBXBuildFile; fileRef = E83199A7292C7A1400C71079 /* BMBDiceAppV2_4UITests.swift */; };
		E83199AA292C7A1400C71079 /* BMBDiceAppV2_4UITestsLaunchTests.swift in Sources */ = {isa = PBXBuildFile; fileRef = E83199A9292C7A1400C71079 /* BMBDiceAppV2_4UITestsLaunchTests.swift */; };
/* End PBXBuildFile section */

/* Begin PBXContainerItemProxy section */
		E831999A292C7A1400C71079 /* PBXContainerItemProxy */ = {
			isa = PBXContainerItemProxy;
			containerPortal = E831997B292C7A1300C71079 /* Project object */;
			proxyType = 1;
			remoteGlobalIDString = E8319982292C7A1300C71079;
			remoteInfo = BMBDiceAppV2.4;
		};
		E83199A4292C7A1400C71079 /* PBXContainerItemProxy */ = {
			isa = PBXContainerItemProxy;
			containerPortal = E831997B292C7A1300C71079 /* Project object */;
			proxyType = 1;
			remoteGlobalIDString = E8319982292C7A1300C71079;
			remoteInfo = BMBDiceAppV2.4;
		};
/* End PBXContainerItemProxy section */

/* Begin PBXFileReference section */
		E8319983292C7A1300C71079 /* BMBDiceAppV2.4.app */ = {isa = PBXFileReference; explicitFileType = wrapper.application; includeInIndex = 0; path = BMBDiceAppV2.4.app; sourceTree = BUILT_PRODUCTS_DIR; };
		E8319986292C7A1300C71079 /* AppDelegate.swift */ = {isa = PBXFileReference; lastKnownFileType = sourcecode.swift; path = AppDelegate.swift; sourceTree = "<group>"; };
		E8319988292C7A1300C71079 /* SceneDelegate.swift */ = {isa = PBXFileReference; lastKnownFileType = sourcecode.swift; path = SceneDelegate.swift; sourceTree = "<group>"; };
		E831998A292C7A1300C71079 /* ViewController.swift */ = {isa = PBXFileReference; lastKnownFileType = sourcecode.swift; path = ViewController.swift; sourceTree = "<group>"; };
		E831998D292C7A1300C71079 /* Base */ = {isa = PBXFileReference; lastKnownFileType = file.storyboard; name = Base; path = Base.lproj/Main.storyboard; sourceTree = "<group>"; };
		E831998F292C7A1400C71079 /* Assets.xcassets */ = {isa = PBXFileReference; lastKnownFileType = folder.assetcatalog; path = Assets.xcassets; sourceTree = "<group>"; };
		E8319992292C7A1400C71079 /* Base */ = {isa = PBXFileReference; lastKnownFileType = file.storyboard; name = Base; path = Base.lproj/LaunchScreen.storyboard; sourceTree = "<group>"; };
		E8319994292C7A1400C71079 /* Info.plist */ = {isa = PBXFileReference; lastKnownFileType = text.plist.xml; path = Info.plist; sourceTree = "<group>"; };
		E8319999292C7A1400C71079 /* BMBDiceAppV2.4Tests.xctest */ = {isa = PBXFileReference; explicitFileType = wrapper.cfbundle; includeInIndex = 0; path = BMBDiceAppV2.4Tests.xctest; sourceTree = BUILT_PRODUCTS_DIR; };
		E831999D292C7A1400C71079 /* BMBDiceAppV2_4Tests.swift */ = {isa = PBXFileReference; lastKnownFileType = sourcecode.swift; path = BMBDiceAppV2_4Tests.swift; sourceTree = "<group>"; };
		E83199A3292C7A1400C71079 /* BMBDiceAppV2.4UITests.xctest */ = {isa = PBXFileReference; explicitFileType = wrapper.cfbundle; includeInIndex = 0; path = BMBDiceAppV2.4UITests.xctest; sourceTree = BUILT_PRODUCTS_DIR; };
		E83199A7292C7A1400C71079 /* BMBDiceAppV2_4UITests.swift */ = {isa = PBXFileReference; lastKnownFileType = sourcecode.swift; path = BMBDiceAppV2_4UITests.swift; sourceTree = "<group>"; };
		E83199A9292C7A1400C71079 /* BMBDiceAppV2_4UITestsLaunchTests.swift */ = {isa = PBXFileReference; lastKnownFileType = sourcecode.swift; path = BMBDiceAppV2_4UITestsLaunchTests.swift; sourceTree = "<group>"; };
/* End PBXFileReference section */

/* Begin PBXFrameworksBuildPhase section */
		E8319980292C7A1300C71079 /* Frameworks */ = {
			isa = PBXFrameworksBuildPhase;
			buildActionMask = 2147483647;
			files = (
			);
			runOnlyForDeploymentPostprocessing = 0;
		};
		E8319996292C7A1400C71079 /* Frameworks */ = {
			isa = PBXFrameworksBuildPhase;
			buildActionMask = 2147483647;
			files = (
			);
			runOnlyForDeploymentPostprocessing = 0;
		};
		E83199A0292C7A1400C71079 /* Frameworks */ = {
			isa = PBXFrameworksBuildPhase;
			buildActionMask = 2147483647;
			files = (
			);
			runOnlyForDeploymentPostprocessing = 0;
		};
/* End PBXFrameworksBuildPhase section */

/* Begin PBXGroup section */
		E831997A292C7A1300C71079 = {
			isa = PBXGroup;
			children = (
				E8319985292C7A1300C71079 /* BMBDiceAppV2.4 */,
				E831999C292C7A1400C71079 /* BMBDiceAppV2.4Tests */,
				E83199A6292C7A1400C71079 /* BMBDiceAppV2.4UITests */,
				E8319984292C7A1300C71079 /* Products */,
			);
			sourceTree = "<group>";
		};
		E8319984292C7A1300C71079 /* Products */ = {
			isa = PBXGroup;
			children = (
				E8319983292C7A1300C71079 /* BMBDiceAppV2.4.app */,
				E8319999292C7A1400C71079 /* BMBDiceAppV2.4Tests.xctest */,
				E83199A3292C7A1400C71079 /* BMBDiceAppV2.4UITests.xctest */,
			);
			name = Products;
			sourceTree = "<group>";
		};
		E8319985292C7A1300C71079 /* BMBDiceAppV2.4 */ = {
			isa = PBXGroup;
			children = (
				E8319986292C7A1300C71079 /* AppDelegate.swift */,
				E8319988292C7A1300C71079 /* SceneDelegate.swift */,
				E831998A292C7A1300C71079 /* ViewController.swift */,
				E831998C292C7A1300C71079 /* Main.storyboard */,
				E831998F292C7A1400C71079 /* Assets.xcassets */,
				E8319991292C7A1400C71079 /* LaunchScreen.storyboard */,
				E8319994292C7A1400C71079 /* Info.plist */,
			);
			path = BMBDiceAppV2.4;
			sourceTree = "<group>";
		};
		E831999C292C7A1400C71079 /* BMBDiceAppV2.4Tests */ = {
			isa = PBXGroup;
			children = (
				E831999D292C7A1400C71079 /* BMBDiceAppV2_4Tests.swift */,
			);
			path = BMBDiceAppV2.4Tests;
			sourceTree = "<group>";
		};
		E83199A6292C7A1400C71079 /* BMBDiceAppV2.4UITests */ = {
			isa = PBXGroup;
			children = (
				E83199A7292C7A1400C71079 /* BMBDiceAppV2_4UITests.swift */,
				E83199A9292C7A1400C71079 /* BMBDiceAppV2_4UITestsLaunchTests.swift */,
			);
			path = BMBDiceAppV2.4UITests;
			sourceTree = "<group>";
		};
/* End PBXGroup section */

/* Begin PBXNativeTarget section */
		E8319982292C7A1300C71079 /* BMBDiceAppV2.4 */ = {
			isa = PBXNativeTarget;
			buildConfigurationList = E83199AD292C7A1400C71079 /* Build configuration list for PBXNativeTarget "BMBDiceAppV2.4" */;
			buildPhases = (
				E831997F292C7A1300C71079 /* Sources */,
				E8319980292C7A1300C71079 /* Frameworks */,
				E8319981292C7A1300C71079 /* Resources */,
			);
			buildRules = (
			);
			dependencies = (
			);
			name = BMBDiceAppV2.4;
			productName = BMBDiceAppV2.4;
			productReference = E8319983292C7A1300C71079 /* BMBDiceAppV2.4.app */;
			productType = "com.apple.product-type.application";
		};
		E8319998292C7A1400C71079 /* BMBDiceAppV2.4Tests */ = {
			isa = PBXNativeTarget;
			buildConfigurationList = E83199B0292C7A1400C71079 /* Build configuration list for PBXNativeTarget "BMBDiceAppV2.4Tests" */;
			buildPhases = (
				E8319995292C7A1400C71079 /* Sources */,
				E8319996292C7A1400C71079 /* Frameworks */,
				E8319997292C7A1400C71079 /* Resources */,
			);
			buildRules = (
			);
			dependencies = (
				E831999B292C7A1400C71079 /* PBXTargetDependency */,
			);
			name = BMBDiceAppV2.4Tests;
			productName = BMBDiceAppV2.4Tests;
			productReference = E8319999292C7A1400C71079 /* BMBDiceAppV2.4Tests.xctest */;
			productType = "com.apple.product-type.bundle.unit-test";
		};
		E83199A2292C7A1400C71079 /* BMBDiceAppV2.4UITests */ = {
			isa = PBXNativeTarget;
			buildConfigurationList = E83199B3292C7A1400C71079 /* Build configuration list for PBXNativeTarget "BMBDiceAppV2.4UITests" */;
			buildPhases = (
				E831999F292C7A1400C71079 /* Sources */,
				E83199A0292C7A1400C71079 /* Frameworks */,
				E83199A1292C7A1400C71079 /* Resources */,
			);
			buildRules = (
			);
			dependencies = (
				E83199A5292C7A1400C71079 /* PBXTargetDependency */,
			);
			name = BMBDiceAppV2.4UITests;
			productName = BMBDiceAppV2.4UITests;
			productReference = E83199A3292C7A1400C71079 /* BMBDiceAppV2.4UITests.xctest */;
			productType = "com.apple.product-type.bundle.ui-testing";
		};
/* End PBXNativeTarget section */

/* Begin PBXProject section */
		E831997B292C7A1300C71079 /* Project object */ = {
			isa = PBXProject;
			attributes = {
				BuildIndependentTargetsInParallel = 1;
				LastSwiftUpdateCheck = 1410;
				LastUpgradeCheck = 1410;
				TargetAttributes = {
					E8319982292C7A1300C71079 = {
						CreatedOnToolsVersion = 14.1;
					};
					E8319998292C7A1400C71079 = {
						CreatedOnToolsVersion = 14.1;
						TestTargetID = E8319982292C7A1300C71079;
					};
					E83199A2292C7A1400C71079 = {
						CreatedOnToolsVersion = 14.1;
						TestTargetID = E8319982292C7A1300C71079;
					};
				};
			};
			buildConfigurationList = E831997E292C7A1300C71079 /* Build configuration list for PBXProject "BMBDiceAppV2.4" */;
			compatibilityVersion = "Xcode 14.0";
			developmentRegion = en;
			hasScannedForEncodings = 0;
			knownRegions = (
				en,
				Base,
			);
			mainGroup = E831997A292C7A1300C71079;
			productRefGroup = E8319984292C7A1300C71079 /* Products */;
			projectDirPath = "";
			projectRoot = "";
			targets = (
				E8319982292C7A1300C71079 /* BMBDiceAppV2.4 */,
				E8319998292C7A1400C71079 /* BMBDiceAppV2.4Tests */,
				E83199A2292C7A1400C71079 /* BMBDiceAppV2.4UITests */,
			);
		};
/* End PBXProject section */

/* Begin PBXResourcesBuildPhase section */
		E8319981292C7A1300C71079 /* Resources */ = {
			isa = PBXResourcesBuildPhase;
			buildActionMask = 2147483647;
			files = (
				E8319993292C7A1400C71079 /* LaunchScreen.storyboard in Resources */,
				E8319990292C7A1400C71079 /* Assets.xcassets in Resources */,
				E831998E292C7A1300C71079 /* Main.storyboard in Resources */,
			);
			runOnlyForDeploymentPostprocessing = 0;
		};
		E8319997292C7A1400C71079 /* Resources */ = {
			isa = PBXResourcesBuildPhase;
			buildActionMask = 2147483647;
			files = (
			);
			runOnlyForDeploymentPostprocessing = 0;
		};
		E83199A1292C7A1400C71079 /* Resources */ = {
			isa = PBXResourcesBuildPhase;
			buildActionMask = 2147483647;
			files = (
			);
			runOnlyForDeploymentPostprocessing = 0;
		};
/* End PBXResourcesBuildPhase section */

/* Begin PBXSourcesBuildPhase section */
		E831997F292C7A1300C71079 /* Sources */ = {
			isa = PBXSourcesBuildPhase;
			buildActionMask = 2147483647;
			files = (
				E831998B292C7A1300C71079 /* ViewController.swift in Sources */,
				E8319987292C7A1300C71079 /* AppDelegate.swift in Sources */,
				E8319989292C7A1300C71079 /* SceneDelegate.swift in Sources */,
			);
			runOnlyForDeploymentPostprocessing = 0;
		};
		E8319995292C7A1400C71079 /* Sources */ = {
			isa = PBXSourcesBuildPhase;
			buildActionMask = 2147483647;
			files = (
				E831999E292C7A1400C71079 /* BMBDiceAppV2_4Tests.swift in Sources */,
			);
			runOnlyForDeploymentPostprocessing = 0;
		};
		E831999F292C7A1400C71079 /* Sources */ = {
			isa = PBXSourcesBuildPhase;
			buildActionMask = 2147483647;
			files = (
				E83199AA292C7A1400C71079 /* BMBDiceAppV2_4UITestsLaunchTests.swift in Sources */,
				E83199A8292C7A1400C71079 /* BMBDiceAppV2_4UITests.swift in Sources */,
			);
			runOnlyForDeploymentPostprocessing = 0;
		};
/* End PBXSourcesBuildPhase section */

/* Begin PBXTargetDependency section */
		E831999B292C7A1400C71079 /* PBXTargetDependency */ = {
			isa = PBXTargetDependency;
			target = E8319982292C7A1300C71079 /* BMBDiceAppV2.4 */;
			targetProxy = E831999A292C7A1400C71079 /* PBXContainerItemProxy */;
		};
		E83199A5292C7A1400C71079 /* PBXTargetDependency */ = {
			isa = PBXTargetDependency;
			target = E8319982292C7A1300C71079 /* BMBDiceAppV2.4 */;
			targetProxy = E83199A4292C7A1400C71079 /* PBXContainerItemProxy */;
		};
/* End PBXTargetDependency section */

/* Begin PBXVariantGroup section */
		E831998C292C7A1300C71079 /* Main.storyboard */ = {
			isa = PBXVariantGroup;
			children = (
				E831998D292C7A1300C71079 /* Base */,
			);
			name = Main.storyboard;
			sourceTree = "<group>";
		};
		E8319991292C7A1400C71079 /* LaunchScreen.storyboard */ = {
			isa = PBXVariantGroup;
			children = (
				E8319992292C7A1400C71079 /* Base */,
			);
			name = LaunchScreen.storyboard;
			sourceTree = "<group>";
		};
/* End PBXVariantGroup section */

/* Begin XCBuildConfiguration section */
		E83199AB292C7A1400C71079 /* Debug */ = {
			isa = XCBuildConfiguration;
			buildSettings = {
				ALWAYS_SEARCH_USER_PATHS = NO;
				CLANG_ANALYZER_NONNULL = YES;
				CLANG_ANALYZER_NUMBER_OBJECT_CONVERSION = YES_AGGRESSIVE;
				CLANG_CXX_LANGUAGE_STANDARD = "gnu++20";
				CLANG_ENABLE_MODULES = YES;
				CLANG_ENABLE_OBJC_ARC = YES;
				CLANG_ENABLE_OBJC_WEAK = YES;
				CLANG_WARN_BLOCK_CAPTURE_AUTORELEASING = YES;
				CLANG_WARN_BOOL_CONVERSION = YES;
				CLANG_WARN_COMMA = YES;
				CLANG_WARN_CONSTANT_CONVERSION = YES;
				CLANG_WARN_DEPRECATED_OBJC_IMPLEMENTATIONS = YES;
				CLANG_WARN_DIRECT_OBJC_ISA_USAGE = YES_ERROR;
				CLANG_WARN_DOCUMENTATION_COMMENTS = YES;
				CLANG_WARN_EMPTY_BODY = YES;
				CLANG_WARN_ENUM_CONVERSION = YES;
				CLANG_WARN_INFINITE_RECURSION = YES;
				CLANG_WARN_INT_CONVERSION = YES;
				CLANG_WARN_NON_LITERAL_NULL_CONVERSION = YES;
				CLANG_WARN_OBJC_IMPLICIT_RETAIN_SELF = YES;
				CLANG_WARN_OBJC_LITERAL_CONVERSION = YES;
				CLANG_WARN_OBJC_ROOT_CLASS = YES_ERROR;
				CLANG_WARN_QUOTED_INCLUDE_IN_FRAMEWORK_HEADER = YES;
				CLANG_WARN_RANGE_LOOP_ANALYSIS = YES;
				CLANG_WARN_STRICT_PROTOTYPES = YES;
				CLANG_WARN_SUSPICIOUS_MOVE = YES;
				CLANG_WARN_UNGUARDED_AVAILABILITY = YES_AGGRESSIVE;
				CLANG_WARN_UNREACHABLE_CODE = YES;
				CLANG_WARN__DUPLICATE_METHOD_MATCH = YES;
				COPY_PHASE_STRIP = NO;
				DEBUG_INFORMATION_FORMAT = dwarf;
				ENABLE_STRICT_OBJC_MSGSEND = YES;
				ENABLE_TESTABILITY = YES;
				GCC_C_LANGUAGE_STANDARD = gnu11;
				GCC_DYNAMIC_NO_PIC = NO;
				GCC_NO_COMMON_BLOCKS = YES;
				GCC_OPTIMIZATION_LEVEL = 0;
				GCC_PREPROCESSOR_DEFINITIONS = (
					"DEBUG=1",
					"$(inherited)",
				);
				GCC_WARN_64_TO_32_BIT_CONVERSION = YES;
				GCC_WARN_ABOUT_RETURN_TYPE = YES_ERROR;
				GCC_WARN_UNDECLARED_SELECTOR = YES;
				GCC_WARN_UNINITIALIZED_AUTOS = YES_AGGRESSIVE;
				GCC_WARN_UNUSED_FUNCTION = YES;
				GCC_WARN_UNUSED_VARIABLE = YES;
				IPHONEOS_DEPLOYMENT_TARGET = 16.1;
				MTL_ENABLE_DEBUG_INFO = INCLUDE_SOURCE;
				MTL_FAST_MATH = YES;
				ONLY_ACTIVE_ARCH = YES;
				SDKROOT = iphoneos;
				SWIFT_ACTIVE_COMPILATION_CONDITIONS = DEBUG;
				SWIFT_OPTIMIZATION_LEVEL = "-Onone";
			};
			name = Debug;
		};
		E83199AC292C7A1400C71079 /* Release */ = {
			isa = XCBuildConfiguration;
			buildSettings = {
				ALWAYS_SEARCH_USER_PATHS = NO;
				CLANG_ANALYZER_NONNULL = YES;
				CLANG_ANALYZER_NUMBER_OBJECT_CONVERSION = YES_AGGRESSIVE;
				CLANG_CXX_LANGUAGE_STANDARD = "gnu++20";
				CLANG_ENABLE_MODULES = YES;
				CLANG_ENABLE_OBJC_ARC = YES;
				CLANG_ENABLE_OBJC_WEAK = YES;
				CLANG_WARN_BLOCK_CAPTURE_AUTORELEASING = YES;
				CLANG_WARN_BOOL_CONVERSION = YES;
				CLANG_WARN_COMMA = YES;
				CLANG_WARN_CONSTANT_CONVERSION = YES;
				CLANG_WARN_DEPRECATED_OBJC_IMPLEMENTATIONS = YES;
				CLANG_WARN_DIRECT_OBJC_ISA_USAGE = YES_ERROR;
				CLANG_WARN_DOCUMENTATION_COMMENTS = YES;
				CLANG_WARN_EMPTY_BODY = YES;
				CLANG_WARN_ENUM_CONVERSION = YES;
				CLANG_WARN_INFINITE_RECURSION = YES;
				CLANG_WARN_INT_CONVERSION = YES;
				CLANG_WARN_NON_LITERAL_NULL_CONVERSION = YES;
				CLANG_WARN_OBJC_IMPLICIT_RETAIN_SELF = YES;
				CLANG_WARN_OBJC_LITERAL_CONVERSION = YES;
				CLANG_WARN_OBJC_ROOT_CLASS = YES_ERROR;
				CLANG_WARN_QUOTED_INCLUDE_IN_FRAMEWORK_HEADER = YES;
				CLANG_WARN_RANGE_LOOP_ANALYSIS = YES;
				CLANG_WARN_STRICT_PROTOTYPES = YES;
				CLANG_WARN_SUSPICIOUS_MOVE = YES;
				CLANG_WARN_UNGUARDED_AVAILABILITY = YES_AGGRESSIVE;
				CLANG_WARN_UNREACHABLE_CODE = YES;
				CLANG_WARN__DUPLICATE_METHOD_MATCH = YES;
				COPY_PHASE_STRIP = NO;
				DEBUG_INFORMATION_FORMAT = "dwarf-with-dsym";
				ENABLE_NS_ASSERTIONS = NO;
				ENABLE_STRICT_OBJC_MSGSEND = YES;
				GCC_C_LANGUAGE_STANDARD = gnu11;
				GCC_NO_COMMON_BLOCKS = YES;
				GCC_WARN_64_TO_32_BIT_CONVERSION = YES;
				GCC_WARN_ABOUT_RETURN_TYPE = YES_ERROR;
				GCC_WARN_UNDECLARED_SELECTOR = YES;
				GCC_WARN_UNINITIALIZED_AUTOS = YES_AGGRESSIVE;
				GCC_WARN_UNUSED_FUNCTION = YES;
				GCC_WARN_UNUSED_VARIABLE = YES;
				IPHONEOS_DEPLOYMENT_TARGET = 16.1;
				MTL_ENABLE_DEBUG_INFO = NO;
				MTL_FAST_MATH = YES;
				SDKROOT = iphoneos;
				SWIFT_COMPILATION_MODE = wholemodule;
				SWIFT_OPTIMIZATION_LEVEL = "-O";
				VALIDATE_PRODUCT = YES;
			};
			name = Release;
		};
		E83199AE292C7A1400C71079 /* Debug */ = {
			isa = XCBuildConfiguration;
			buildSettings = {
				ASSETCATALOG_COMPILER_APPICON_NAME = AppIcon;
				ASSETCATALOG_COMPILER_GLOBAL_ACCENT_COLOR_NAME = AccentColor;
				CODE_SIGN_STYLE = Automatic;
				CURRENT_PROJECT_VERSION = 1;
				GENERATE_INFOPLIST_FILE = YES;
				INFOPLIST_FILE = BMBDiceAppV2.4/Info.plist;
				INFOPLIST_KEY_UIApplicationSupportsIndirectInputEvents = YES;
				INFOPLIST_KEY_UILaunchStoryboardName = LaunchScreen;
				INFOPLIST_KEY_UIMainStoryboardFile = Main;
				INFOPLIST_KEY_UISupportedInterfaceOrientations_iPad = "UIInterfaceOrientationPortrait UIInterfaceOrientationPortraitUpsideDown UIInterfaceOrientationLandscapeLeft UIInterfaceOrientationLandscapeRight";
				INFOPLIST_KEY_UISupportedInterfaceOrientations_iPhone = "UIInterfaceOrientationPortrait UIInterfaceOrientationLandscapeLeft UIInterfaceOrientationLandscapeRight";
				LD_RUNPATH_SEARCH_PATHS = (
					"$(inherited)",
					"@executable_path/Frameworks",
				);
				MARKETING_VERSION = 1.0;
				PRODUCT_BUNDLE_IDENTIFIER = "ItsDaBenji.BMBDiceAppV2-4";
				PRODUCT_NAME = "$(TARGET_NAME)";
				SWIFT_EMIT_LOC_STRINGS = YES;
				SWIFT_VERSION = 5.0;
				TARGETED_DEVICE_FAMILY = "1,2";
			};
			name = Debug;
		};
		E83199AF292C7A1400C71079 /* Release */ = {
			isa = XCBuildConfiguration;
			buildSettings = {
				ASSETCATALOG_COMPILER_APPICON_NAME = AppIcon;
				ASSETCATALOG_COMPILER_GLOBAL_ACCENT_COLOR_NAME = AccentColor;
				CODE_SIGN_STYLE = Automatic;
				CURRENT_PROJECT_VERSION = 1;
				GENERATE_INFOPLIST_FILE = YES;
				INFOPLIST_FILE = BMBDiceAppV2.4/Info.plist;
				INFOPLIST_KEY_UIApplicationSupportsIndirectInputEvents = YES;
				INFOPLIST_KEY_UILaunchStoryboardName = LaunchScreen;
				INFOPLIST_KEY_UIMainStoryboardFile = Main;
				INFOPLIST_KEY_UISupportedInterfaceOrientations_iPad = "UIInterfaceOrientationPortrait UIInterfaceOrientationPortraitUpsideDown UIInterfaceOrientationLandscapeLeft UIInterfaceOrientationLandscapeRight";
				INFOPLIST_KEY_UISupportedInterfaceOrientations_iPhone = "UIInterfaceOrientationPortrait UIInterfaceOrientationLandscapeLeft UIInterfaceOrientationLandscapeRight";
				LD_RUNPATH_SEARCH_PATHS = (
					"$(inherited)",
					"@executable_path/Frameworks",
				);
				MARKETING_VERSION = 1.0;
				PRODUCT_BUNDLE_IDENTIFIER = "ItsDaBenji.BMBDiceAppV2-4";
				PRODUCT_NAME = "$(TARGET_NAME)";
				SWIFT_EMIT_LOC_STRINGS = YES;
				SWIFT_VERSION = 5.0;
				TARGETED_DEVICE_FAMILY = "1,2";
			};
			name = Release;
		};
		E83199B1292C7A1400C71079 /* Debug */ = {
			isa = XCBuildConfiguration;
			buildSettings = {
				ALWAYS_EMBED_SWIFT_STANDARD_LIBRARIES = YES;
				BUNDLE_LOADER = "$(TEST_HOST)";
				CODE_SIGN_STYLE = Automatic;
				CURRENT_PROJECT_VERSION = 1;
				GENERATE_INFOPLIST_FILE = YES;
				IPHONEOS_DEPLOYMENT_TARGET = 16.1;
				MARKETING_VERSION = 1.0;
				PRODUCT_BUNDLE_IDENTIFIER = "ItsDaBenji.BMBDiceAppV2-4Tests";
				PRODUCT_NAME = "$(TARGET_NAME)";
				SWIFT_EMIT_LOC_STRINGS = NO;
				SWIFT_VERSION = 5.0;
				TARGETED_DEVICE_FAMILY = "1,2";
				TEST_HOST = "$(BUILT_PRODUCTS_DIR)/BMBDiceAppV2.4.app/$(BUNDLE_EXECUTABLE_FOLDER_PATH)/BMBDiceAppV2.4";
			};
			name = Debug;
		};
		E83199B2292C7A1400C71079 /* Release */ = {
			isa = XCBuildConfiguration;
			buildSettings = {
				ALWAYS_EMBED_SWIFT_STANDARD_LIBRARIES = YES;
				BUNDLE_LOADER = "$(TEST_HOST)";
				CODE_SIGN_STYLE = Automatic;
				CURRENT_PROJECT_VERSION = 1;
				GENERATE_INFOPLIST_FILE = YES;
				IPHONEOS_DEPLOYMENT_TARGET = 16.1;
				MARKETING_VERSION = 1.0;
				PRODUCT_BUNDLE_IDENTIFIER = "ItsDaBenji.BMBDiceAppV2-4Tests";
				PRODUCT_NAME = "$(TARGET_NAME)";
				SWIFT_EMIT_LOC_STRINGS = NO;
				SWIFT_VERSION = 5.0;
				TARGETED_DEVICE_FAMILY = "1,2";
				TEST_HOST = "$(BUILT_PRODUCTS_DIR)/BMBDiceAppV2.4.app/$(BUNDLE_EXECUTABLE_FOLDER_PATH)/BMBDiceAppV2.4";
			};
			name = Release;
		};
		E83199B4292C7A1400C71079 /* Debug */ = {
			isa = XCBuildConfiguration;
			buildSettings = {
				ALWAYS_EMBED_SWIFT_STANDARD_LIBRARIES = YES;
				CODE_SIGN_STYLE = Automatic;
				CURRENT_PROJECT_VERSION = 1;
				GENERATE_INFOPLIST_FILE = YES;
				MARKETING_VERSION = 1.0;
				PRODUCT_BUNDLE_IDENTIFIER = "ItsDaBenji.BMBDiceAppV2-4UITests";
				PRODUCT_NAME = "$(TARGET_NAME)";
				SWIFT_EMIT_LOC_STRINGS = NO;
				SWIFT_VERSION = 5.0;
				TARGETED_DEVICE_FAMILY = "1,2";
				TEST_TARGET_NAME = BMBDiceAppV2.4;
			};
			name = Debug;
		};
		E83199B5292C7A1400C71079 /* Release */ = {
			isa = XCBuildConfiguration;
			buildSettings = {
				ALWAYS_EMBED_SWIFT_STANDARD_LIBRARIES = YES;
				CODE_SIGN_STYLE = Automatic;
				CURRENT_PROJECT_VERSION = 1;
				GENERATE_INFOPLIST_FILE = YES;
				MARKETING_VERSION = 1.0;
				PRODUCT_BUNDLE_IDENTIFIER = "ItsDaBenji.BMBDiceAppV2-4UITests";
				PRODUCT_NAME = "$(TARGET_NAME)";
				SWIFT_EMIT_LOC_STRINGS = NO;
				SWIFT_VERSION = 5.0;
				TARGETED_DEVICE_FAMILY = "1,2";
				TEST_TARGET_NAME = BMBDiceAppV2.4;
			};
			name = Release;
		};
/* End XCBuildConfiguration section */

/* Begin XCConfigurationList section */
		E831997E292C7A1300C71079 /* Build configuration list for PBXProject "BMBDiceAppV2.4" */ = {
			isa = XCConfigurationList;
			buildConfigurations = (
				E83199AB292C7A1400C71079 /* Debug */,
				E83199AC292C7A1400C71079 /* Release */,
			);
			defaultConfigurationIsVisible = 0;
			defaultConfigurationName = Release;
		};
		E83199AD292C7A1400C71079 /* Build configuration list for PBXNativeTarget "BMBDiceAppV2.4" */ = {
			isa = XCConfigurationList;
			buildConfigurations = (
				E83199AE292C7A1400C71079 /* Debug */,
				E83199AF292C7A1400C71079 /* Release */,
			);
			defaultConfigurationIsVisible = 0;
			defaultConfigurationName = Release;
		};
		E83199B0292C7A1400C71079 /* Build configuration list for PBXNativeTarget "BMBDiceAppV2.4Tests" */ = {
			isa = XCConfigurationList;
			buildConfigurations = (
				E83199B1292C7A1400C71079 /* Debug */,
				E83199B2292C7A1400C71079 /* Release */,
			);
			defaultConfigurationIsVisible = 0;
			defaultConfigurationName = Release;
		};
		E83199B3292C7A1400C71079 /* Build configuration list for PBXNativeTarget "BMBDiceAppV2.4UITests" */ = {
			isa = XCConfigurationList;
			buildConfigurations = (
				E83199B4292C7A1400C71079 /* Debug */,
				E83199B5292C7A1400C71079 /* Release */,
			);
			defaultConfigurationIsVisible = 0;
			defaultConfigurationName = Release;
		};
/* End XCConfigurationList section */
	};
	rootObject = E831997B292C7A1300C71079 /* Project object */;
}
